
Microsoft Visual Studio Solution File, Format Version 12.00
# Visual Studio Version 16
VisualStudioVersion = 16.0.31729.503
MinimumVisualStudioVersion = 10.0.40219.1
Project("{FAE04EC0-301F-11D3-BF4B-00C04F79EFBC}") = "InAndOut", "InAndOut.csproj", "{2B8C56B1-1342-4F40-B2F3-9F1E820AA3F6}"
EndProject
Global
	GlobalSection(SolutionConfigurationPlatforms) = preSolution
		Debug|Any CPU = Debug|Any CPU
		Release|Any CPU = Release|Any CPU
	EndGlobalSection
	GlobalSection(ProjectConfigurationPlatforms) = postSolution
		{2B8C56B1-1342-4F40-B2F3-9F1E820AA3F6}.Debug|Any CPU.ActiveCfg = Debug|Any CPU
		{2B8C56B1-1342-4F40-B2F3-9F1E820AA3F6}.Debug|Any CPU.Build.0 = Debug|Any CPU
		{2B8C56B1-1342-4F40-B2F3-9F1E820AA3F6}.Release|Any CPU.ActiveCfg = Release|Any CPU
		{2B8C56B1-1342-4F40-B2F3-9F1E820AA3F6}.Release|Any CPU.Build.0 = Release|Any CPU
	EndGlobalSection
	GlobalSection(SolutionProperties) = preSolution
		HideSolutionNode = FALSE
	EndGlobalSection
	GlobalSection(ExtensibilityGlobals) = postSolution
		SolutionGuid = {A826C674-EBA7-4BFD-8770-018BE2D562AC}
	EndGlobalSection
EndGlobal
